// !$*UTF8*$!
{
	archiveVersion = 1;
	classes = {
	};
	objectVersion = 70;
	objects = {

/* Begin PBXBuildFile section */
		623B8F572C62DC0700A5BD60 /* ToDo.swift in Sources */ = {isa = PBXBuildFile; fileRef = 623B8F562C62DC0700A5BD60 /* ToDo.swift */; };
		629185B82C31614500DA4BAA /* SDWebImageSwiftUI in Frameworks */ = {isa = PBXBuildFile; productRef = 629185B72C31614500DA4BAA /* SDWebImageSwiftUI */; };
		62BE33342C72500D006C0584 /* Factory in Frameworks */ = {isa = PBXBuildFile; productRef = 62BE33332C72500D006C0584 /* Factory */; };
		62C449052C26CDC4009650A3 /* Assets.xcassets in Resources */ = {isa = PBXBuildFile; fileRef = 62C449042C26CDC4009650A3 /* Assets.xcassets */; };
		62C449092C26CDC4009650A3 /* Preview Assets.xcassets in Resources */ = {isa = PBXBuildFile; fileRef = 62C449082C26CDC4009650A3 /* Preview Assets.xcassets */; };
		62C449D02C27469D009650A3 /* Auth in Frameworks */ = {isa = PBXBuildFile; productRef = 62C449CF2C27469D009650A3 /* Auth */; };
		62C449D22C27469D009650A3 /* Functions in Frameworks */ = {isa = PBXBuildFile; productRef = 62C449D12C27469D009650A3 /* Functions */; };
		62C449D42C27469D009650A3 /* PostgREST in Frameworks */ = {isa = PBXBuildFile; productRef = 62C449D32C27469D009650A3 /* PostgREST */; };
		62C449D62C27469D009650A3 /* Realtime in Frameworks */ = {isa = PBXBuildFile; productRef = 62C449D52C27469D009650A3 /* Realtime */; };
		62C449D82C27469D009650A3 /* Storage in Frameworks */ = {isa = PBXBuildFile; productRef = 62C449D72C27469D009650A3 /* Storage */; };
		62C449DA2C27469D009650A3 /* Supabase in Frameworks */ = {isa = PBXBuildFile; productRef = 62C449D92C27469D009650A3 /* Supabase */; };
/* End PBXBuildFile section */

/* Begin PBXFileReference section */
		623B8F562C62DC0700A5BD60 /* ToDo.swift */ = {isa = PBXFileReference; lastKnownFileType = sourcecode.swift; path = ToDo.swift; sourceTree = "<group>"; };
		62C448FD2C26CDC2009650A3 /* Clin.app */ = {isa = PBXFileReference; explicitFileType = wrapper.application; includeInIndex = 0; path = Clin.app; sourceTree = BUILT_PRODUCTS_DIR; };
		62C449042C26CDC4009650A3 /* Assets.xcassets */ = {isa = PBXFileReference; lastKnownFileType = folder.assetcatalog; path = Assets.xcassets; sourceTree = "<group>"; };
		62C449062C26CDC4009650A3 /* Clin.entitlements */ = {isa = PBXFileReference; lastKnownFileType = text.plist.entitlements; path = Clin.entitlements; sourceTree = "<group>"; };
		62C449082C26CDC4009650A3 /* Preview Assets.xcassets */ = {isa = PBXFileReference; lastKnownFileType = folder.assetcatalog; path = "Preview Assets.xcassets"; sourceTree = "<group>"; };
/* End PBXFileReference section */

/* Begin PBXFileSystemSynchronizedBuildFileExceptionSet section */
		6217F30F2C2851D900EF8B2D /* PBXFileSystemSynchronizedBuildFileExceptionSet */ = {
			isa = PBXFileSystemSynchronizedBuildFileExceptionSet;
			membershipExceptions = (
				ClinApp.swift,
			);
			target = 62C448FC2C26CDC2009650A3 /* Clin */;
		};
		6217F3222C288A6100EF8B2D /* PBXFileSystemSynchronizedBuildFileExceptionSet */ = {
			isa = PBXFileSystemSynchronizedBuildFileExceptionSet;
			membershipExceptions = (
				Cities.swift,
				Dvla.swift,
				EVFeatures.swift,
				EVModels.swift,
				Favourite.swift,
				Listing.swift,
				News.swift,
				Profile.swift,
				Registrations.swift,
				SelectedImage.swift,
				Station.swift,
			);
			target = 62C448FC2C26CDC2009650A3 /* Clin */;
		};
		6217F3452C2977D200EF8B2D /* PBXFileSystemSynchronizedBuildFileExceptionSet */ = {
			isa = PBXFileSystemSynchronizedBuildFileExceptionSet;
			membershipExceptions = (
				DatabaseService.swift,
				DvlaService.swift,
				FavouriteService.swift,
				ListingService.swift,
				ProfileService.swift,
				ProhibitedWordsService.swift,
				SearchService.swift,
			);
			target = 62C448FC2C26CDC2009650A3 /* Clin */;
		};
		6217F3482C297DF500EF8B2D /* PBXFileSystemSynchronizedBuildFileExceptionSet */ = {
			isa = PBXFileSystemSynchronizedBuildFileExceptionSet;
			membershipExceptions = (
				Account/AccountView.swift,
				Account/Education/EducationCenterView.swift,
				Account/Legal/CookieView.swift,
				Account/Legal/LegalView.swift,
				Account/Legal/Privacy/PrivacyPolicyView.swift,
				Account/Legal/Safety/SafetyView.swift,
				Account/Legal/Terms/TermsAndConditionsView.swift,
				Account/Support/SupportCenterView.swift,
				Account/User/Profile/Private/PrivateProfileView.swift,
				Account/User/Profile/Private/PrivateProfileViewModel.swift,
				Account/User/Profile/Public/PublicProfileView.swift,
				Account/User/Profile/Public/PublicProfileViewModel.swift,
				Account/User/Profile/Shared/CircularProfileView.swift,
				Account/User/Profile/Shared/ProfileViewStateMessages.swift,
				Account/User/UserListings/UserListingView.swift,
				Account/User/UserListings/UserListingViewModel.swift,
				Favourites/AddToFavouritesButton.swift,
				Favourites/FavouriteCell.swift,
				Favourites/FavouriteListingView.swift,
				Favourites/FavouriteViewModel.swift,
				Hub/Chart/ChartView.swift,
				Hub/Chart/ChartViewModel.swift,
				Hub/HubView.swift,
				Hub/News/NewsCell.swift,
				Hub/News/NewsDetailView.swift,
				Hub/News/NewsView.swift,
				Hub/News/NewsViewModel.swift,
				Hub/Showroom/Showroom.swift,
				Hub/Stations/StationView.swift,
				Hub/Stations/StationViewModel.swift,
				Listing/ListingCell.swift,
				Listing/ListingsPlaceholder.swift,
				Listing/ListingView.swift,
				Listing/ListingViewModel.swift,
				ListingDetail/ListingDetailSplashView.swift,
				ListingDetail/ListingDetailView.swift,
				ListingForm/Components/ImageCounterView.swift,
				ListingForm/Components/ImagePickerCell.swift,
				ListingForm/Components/ImagePickerGridView.swift,
				ListingForm/Components/ListingFormViewStatesMessages.swift,
				ListingForm/Create/CreateFormView.swift,
				ListingForm/Create/CreateFormViewModel.swift,
				ListingForm/Edit/EditFormView.swift,
				ListingForm/Edit/EditFormViewModel.swift,
				Search/FilterView.swift,
				Search/SearchView.swift,
				Search/SearchViewModel.swift,
			);
			target = 62C448FC2C26CDC2009650A3 /* Clin */;
		};
		622369BA2C3D6B7100576FF4 /* PBXFileSystemSynchronizedBuildFileExceptionSet */ = {
			isa = PBXFileSystemSynchronizedBuildFileExceptionSet;
			membershipExceptions = (
				Misc/CharactersLimitModifier.swift,
				Misc/DelayedAction.swift,
				Misc/DeleteAlertModifier.swift,
				Misc/HideKeyboard.swift,
				UI/CircularProgressBar.swift,
				UI/CustomProgressView.swift,
				UI/ReportButton.swift,
				UI/Shimmer.swift,
				UI/SupportButton.swift,
				UI/ZoomImages.swift,
				ViewState/EmptyContentView.swift,
				ViewState/ErrorView.swift,
				ViewState/SensitiveAnalysisErrorView.swift,
				ViewState/SuccessView.swift,
			);
			target = 62C448FC2C26CDC2009650A3 /* Clin */;
		};
		62259D192C401890005197C9 /* PBXFileSystemSynchronizedBuildFileExceptionSet */ = {
			isa = PBXFileSystemSynchronizedBuildFileExceptionSet;
			membershipExceptions = (
				ImageManager.swift,
				TimerManager.swift,
			);
			target = 62C448FC2C26CDC2009650A3 /* Clin */;
		};
		623B888B2C5D163800A5BD60 /* PBXFileSystemSynchronizedBuildFileExceptionSet */ = {
			isa = PBXFileSystemSynchronizedBuildFileExceptionSet;
			membershipExceptions = (
				Supabase.swift,
			);
			target = 62C448FC2C26CDC2009650A3 /* Clin */;
		};
		623B8F532C62D3A100A5BD60 /* PBXFileSystemSynchronizedBuildFileExceptionSet */ = {
			isa = PBXFileSystemSynchronizedBuildFileExceptionSet;
			membershipExceptions = (
				Extensions.swift,
			);
			target = 62C448FC2C26CDC2009650A3 /* Clin */;
		};
		623B8FF92C64283500A5BD60 /* PBXFileSystemSynchronizedBuildFileExceptionSet */ = {
			isa = PBXFileSystemSynchronizedBuildFileExceptionSet;
			membershipExceptions = (
				Protocols.swift,
			);
			target = 62C448FC2C26CDC2009650A3 /* Clin */;
		};
		623B91BC2C66966F00A5BD60 /* PBXFileSystemSynchronizedBuildFileExceptionSet */ = {
			isa = PBXFileSystemSynchronizedBuildFileExceptionSet;
			membershipExceptions = (
				MockDvlaService.swift,
				MockFavouriteService.swift,
				MockHTTPDataDownloader.swift,
				MockImageManager.swift,
				MockListingService.swift,
				MockProhibitedWordsService.swift,
				MockSearchService.swift,
			);
			target = 62C448FC2C26CDC2009650A3 /* Clin */;
		};
		6291824B2C2AE5EB00DA4BAA /* PBXFileSystemSynchronizedBuildFileExceptionSet */ = {
			isa = PBXFileSystemSynchronizedBuildFileExceptionSet;
			membershipExceptions = (
				AccountViewRouter.swift,
				CreateListingViewRouter.swift,
			);
			target = 62C448FC2C26CDC2009650A3 /* Clin */;
		};
		629185BC2C3175A100DA4BAA /* PBXFileSystemSynchronizedBuildFileExceptionSet */ = {
			isa = PBXFileSystemSynchronizedBuildFileExceptionSet;
			membershipExceptions = (
				ApplePay/PaymentButton.swift,
				ApplePay/PaymentHandler.swift,
				ApplePay/PromoteListingSection.swift,
				Cache/CacheManager.swift,
				JSONDecoder/JSONDecoder.swift,
				JSONDecoder/JSONLoadingError.swift,
				LazyView/LazyView.swift,
				NetworkMonitor/NetworkMonitor.swift,
				NetworkMonitor/NetworkMonitorView.swift,
				PhotosPicker/CustomPhotoPickers.swift,
				SDWebImage/ImageLoader.swift,
				SensitiveContentAnalysis/SensitiveContentAnalysis.swift,
			);
			target = 62C448FC2C26CDC2009650A3 /* Clin */;
		};
		629189F02C36FEC800DA4BAA /* PBXFileSystemSynchronizedBuildFileExceptionSet */ = {
			isa = PBXFileSystemSynchronizedBuildFileExceptionSet;
			membershipExceptions = (
				prohibited_words.json,
			);
			target = 62C448FC2C26CDC2009650A3 /* Clin */;
		};
		62B6EE182C3F229200528480 /* PBXFileSystemSynchronizedBuildFileExceptionSet */ = {
			isa = PBXFileSystemSynchronizedBuildFileExceptionSet;
			membershipExceptions = (
				MarketView.swift,
			);
			target = 62C448FC2C26CDC2009650A3 /* Clin */;
		};
		62BE2DBD2C6F7C0C006C0584 /* PBXFileSystemSynchronizedBuildFileExceptionSet */ = {
			isa = PBXFileSystemSynchronizedBuildFileExceptionSet;
			membershipExceptions = (
				HTTPDownloader.swift,
				HTTPErrors.swift,
			);
			target = 62C448FC2C26CDC2009650A3 /* Clin */;
		};
		62BE33312C724F1B006C0584 /* PBXFileSystemSynchronizedBuildFileExceptionSet */ = {
			isa = PBXFileSystemSynchronizedBuildFileExceptionSet;
			membershipExceptions = (
				FactoryContainer.swift,
				PreviewsProvider.swift,
			);
			target = 62C448FC2C26CDC2009650A3 /* Clin */;
		};
		62C4493D2C26E23C009650A3 /* PBXFileSystemSynchronizedBuildFileExceptionSet */ = {
			isa = PBXFileSystemSynchronizedBuildFileExceptionSet;
			membershipExceptions = (
				AuthenticationErrors.swift,
				AuthenticationView.swift,
				AuthViewModel.swift,
			);
			target = 62C448FC2C26CDC2009650A3 /* Clin */;
		};
/* End PBXFileSystemSynchronizedBuildFileExceptionSet section */

/* Begin PBXFileSystemSynchronizedRootGroup section */
		6217F30E2C2851D500EF8B2D /* App */ = {isa = PBXFileSystemSynchronizedRootGroup; exceptions = (6217F30F2C2851D900EF8B2D /* PBXFileSystemSynchronizedBuildFileExceptionSet */, ); explicitFileTypes = {}; explicitFolders = (); path = App; sourceTree = "<group>"; };
		6217F3102C28526400EF8B2D /* Models */ = {isa = PBXFileSystemSynchronizedRootGroup; exceptions = (6217F3222C288A6100EF8B2D /* PBXFileSystemSynchronizedBuildFileExceptionSet */, ); explicitFileTypes = {}; explicitFolders = (); path = Models; sourceTree = "<group>"; };
		6217F3292C288EFC00EF8B2D /* Market */ = {isa = PBXFileSystemSynchronizedRootGroup; exceptions = (62B6EE182C3F229200528480 /* PBXFileSystemSynchronizedBuildFileExceptionSet */, ); explicitFileTypes = {}; explicitFolders = (); path = Market; sourceTree = "<group>"; };
		6217F3412C2977C700EF8B2D /* Service */ = {isa = PBXFileSystemSynchronizedRootGroup; exceptions = (6217F3452C2977D200EF8B2D /* PBXFileSystemSynchronizedBuildFileExceptionSet */, ); explicitFileTypes = {}; explicitFolders = (); path = Service; sourceTree = "<group>"; };
		6217F3462C297DBD00EF8B2D /* Features */ = {isa = PBXFileSystemSynchronizedRootGroup; exceptions = (6217F3482C297DF500EF8B2D /* PBXFileSystemSynchronizedBuildFileExceptionSet */, ); explicitFileTypes = {}; explicitFolders = (); path = Features; sourceTree = "<group>"; };
		62259D172C40187D005197C9 /* Managers */ = {isa = PBXFileSystemSynchronizedRootGroup; exceptions = (62259D192C401890005197C9 /* PBXFileSystemSynchronizedBuildFileExceptionSet */, ); explicitFileTypes = {}; explicitFolders = (); path = Managers; sourceTree = "<group>"; };
		623B88892C5D15F100A5BD60 /* Supabase */ = {isa = PBXFileSystemSynchronizedRootGroup; exceptions = (623B888B2C5D163800A5BD60 /* PBXFileSystemSynchronizedBuildFileExceptionSet */, ); explicitFileTypes = {}; explicitFolders = (); path = Supabase; sourceTree = "<group>"; };
		623B8F4F2C62D39400A5BD60 /* Extensions */ = {isa = PBXFileSystemSynchronizedRootGroup; exceptions = (623B8F532C62D3A100A5BD60 /* PBXFileSystemSynchronizedBuildFileExceptionSet */, ); explicitFileTypes = {}; explicitFolders = (); path = Extensions; sourceTree = "<group>"; };
		623B8FF72C64283500A5BD60 /* Protocols */ = {isa = PBXFileSystemSynchronizedRootGroup; exceptions = (623B8FF92C64283500A5BD60 /* PBXFileSystemSynchronizedBuildFileExceptionSet */, ); explicitFileTypes = {}; explicitFolders = (); path = Protocols; sourceTree = "<group>"; };
		623B91BB2C66961100A5BD60 /* MockData */ = {isa = PBXFileSystemSynchronizedRootGroup; exceptions = (623B91BC2C66966F00A5BD60 /* PBXFileSystemSynchronizedBuildFileExceptionSet */, ); explicitFileTypes = {}; explicitFolders = (); path = MockData; sourceTree = "<group>"; };
		629182492C2AE5EB00DA4BAA /* Router */ = {isa = PBXFileSystemSynchronizedRootGroup; exceptions = (6291824B2C2AE5EB00DA4BAA /* PBXFileSystemSynchronizedBuildFileExceptionSet */, ); explicitFileTypes = {}; explicitFolders = (); path = Router; sourceTree = "<group>"; };
		629185B42C3160F900DA4BAA /* Support */ = {isa = PBXFileSystemSynchronizedRootGroup; exceptions = (629185BC2C3175A100DA4BAA /* PBXFileSystemSynchronizedBuildFileExceptionSet */, ); explicitFileTypes = {}; explicitFolders = (); path = Support; sourceTree = "<group>"; };
		629188CB2C35BAE800DA4BAA /* Components */ = {isa = PBXFileSystemSynchronizedRootGroup; exceptions = (622369BA2C3D6B7100576FF4 /* PBXFileSystemSynchronizedBuildFileExceptionSet */, ); explicitFileTypes = {}; explicitFolders = (); path = Components; sourceTree = "<group>"; };
		629189ED2C36FEB400DA4BAA /* Resources */ = {isa = PBXFileSystemSynchronizedRootGroup; exceptions = (629189F02C36FEC800DA4BAA /* PBXFileSystemSynchronizedBuildFileExceptionSet */, ); explicitFileTypes = {}; explicitFolders = (); path = Resources; sourceTree = "<group>"; };
		62BE2DBA2C6F7BD7006C0584 /* Network */ = {isa = PBXFileSystemSynchronizedRootGroup; exceptions = (62BE2DBD2C6F7C0C006C0584 /* PBXFileSystemSynchronizedBuildFileExceptionSet */, ); explicitFileTypes = {}; explicitFolders = (); path = Network; sourceTree = "<group>"; };
		62BE332D2C724F02006C0584 /* Factory */ = {isa = PBXFileSystemSynchronizedRootGroup; exceptions = (62BE33312C724F1B006C0584 /* PBXFileSystemSynchronizedBuildFileExceptionSet */, ); explicitFileTypes = {}; explicitFolders = (); path = Factory; sourceTree = "<group>"; };
		62C4493C2C26E236009650A3 /* Authentication */ = {isa = PBXFileSystemSynchronizedRootGroup; exceptions = (62C4493D2C26E23C009650A3 /* PBXFileSystemSynchronizedBuildFileExceptionSet */, ); explicitFileTypes = {}; explicitFolders = (); path = Authentication; sourceTree = "<group>"; };
/* End PBXFileSystemSynchronizedRootGroup section */

/* Begin PBXFrameworksBuildPhase section */
		62C448FA2C26CDC2009650A3 /* Frameworks */ = {
			isa = PBXFrameworksBuildPhase;
			buildActionMask = 2147483647;
			files = (
				629185B82C31614500DA4BAA /* SDWebImageSwiftUI in Frameworks */,
				62C449D42C27469D009650A3 /* PostgREST in Frameworks */,
				62C449D22C27469D009650A3 /* Functions in Frameworks */,
				62C449DA2C27469D009650A3 /* Supabase in Frameworks */,
				62C449D02C27469D009650A3 /* Auth in Frameworks */,
				62C449D82C27469D009650A3 /* Storage in Frameworks */,
				62C449D62C27469D009650A3 /* Realtime in Frameworks */,
				62BE33342C72500D006C0584 /* Factory in Frameworks */,
			);
			runOnlyForDeploymentPostprocessing = 0;
		};
/* End PBXFrameworksBuildPhase section */

/* Begin PBXGroup section */
		62C448F42C26CDC2009650A3 = {
			isa = PBXGroup;
			children = (
				62C448FF2C26CDC2009650A3 /* Clin */,
				62C448FE2C26CDC2009650A3 /* Products */,
			);
			sourceTree = "<group>";
		};
		62C448FE2C26CDC2009650A3 /* Products */ = {
			isa = PBXGroup;
			children = (
				62C448FD2C26CDC2009650A3 /* Clin.app */,
			);
			name = Products;
			sourceTree = "<group>";
		};
		62C448FF2C26CDC2009650A3 /* Clin */ = {
			isa = PBXGroup;
			children = (
				623B88892C5D15F100A5BD60 /* Supabase */,
				62BE332D2C724F02006C0584 /* Factory */,
				62BE2DBA2C6F7BD7006C0584 /* Network */,
				623B91BB2C66961100A5BD60 /* MockData */,
				6217F30E2C2851D500EF8B2D /* App */,
				62C449062C26CDC4009650A3 /* Clin.entitlements */,
				6217F3412C2977C700EF8B2D /* Service */,
				623B8FF72C64283500A5BD60 /* Protocols */,
				62259D172C40187D005197C9 /* Managers */,
				6217F3102C28526400EF8B2D /* Models */,
				629182492C2AE5EB00DA4BAA /* Router */,
				62C4493C2C26E236009650A3 /* Authentication */,
				6217F3292C288EFC00EF8B2D /* Market */,
				6217F3462C297DBD00EF8B2D /* Features */,
				629185B42C3160F900DA4BAA /* Support */,
				629188CB2C35BAE800DA4BAA /* Components */,
				623B8F4F2C62D39400A5BD60 /* Extensions */,
				629189ED2C36FEB400DA4BAA /* Resources */,
				62C449042C26CDC4009650A3 /* Assets.xcassets */,
				62C449072C26CDC4009650A3 /* Preview Content */,
				623B8F562C62DC0700A5BD60 /* ToDo.swift */,
			);
			path = Clin;
			sourceTree = "<group>";
		};
		62C449072C26CDC4009650A3 /* Preview Content */ = {
			isa = PBXGroup;
			children = (
				62C449082C26CDC4009650A3 /* Preview Assets.xcassets */,
			);
			path = "Preview Content";
			sourceTree = "<group>";
		};
/* End PBXGroup section */

/* Begin PBXNativeTarget section */
		62C448FC2C26CDC2009650A3 /* Clin */ = {
			isa = PBXNativeTarget;
			buildConfigurationList = 62C4490C2C26CDC4009650A3 /* Build configuration list for PBXNativeTarget "Clin" */;
			buildPhases = (
				62C448F92C26CDC2009650A3 /* Sources */,
				62C448FA2C26CDC2009650A3 /* Frameworks */,
				62C448FB2C26CDC2009650A3 /* Resources */,
			);
			buildRules = (
			);
			dependencies = (
			);
			name = Clin;
			packageProductDependencies = (
				62C449CF2C27469D009650A3 /* Auth */,
				62C449D12C27469D009650A3 /* Functions */,
				62C449D32C27469D009650A3 /* PostgREST */,
				62C449D52C27469D009650A3 /* Realtime */,
				62C449D72C27469D009650A3 /* Storage */,
				62C449D92C27469D009650A3 /* Supabase */,
				629185B72C31614500DA4BAA /* SDWebImageSwiftUI */,
				62BE33332C72500D006C0584 /* Factory */,
			);
			productName = Clin;
			productReference = 62C448FD2C26CDC2009650A3 /* Clin.app */;
			productType = "com.apple.product-type.application";
		};
/* End PBXNativeTarget section */

/* Begin PBXProject section */
		62C448F52C26CDC2009650A3 /* Project object */ = {
			isa = PBXProject;
			attributes = {
				BuildIndependentTargetsInParallel = 1;
				LastSwiftUpdateCheck = 1600;
				LastUpgradeCheck = 1600;
				TargetAttributes = {
					62C448FC2C26CDC2009650A3 = {
						CreatedOnToolsVersion = 16.0;
					};
				};
			};
			buildConfigurationList = 62C448F82C26CDC2009650A3 /* Build configuration list for PBXProject "Clin" */;
			compatibilityVersion = "Xcode 15.0";
			developmentRegion = en;
			hasScannedForEncodings = 0;
			knownRegions = (
				en,
				Base,
			);
			mainGroup = 62C448F42C26CDC2009650A3;
			packageReferences = (
				62C449CE2C27469D009650A3 /* XCRemoteSwiftPackageReference "supabase-swift" */,
				629185B62C31614500DA4BAA /* XCRemoteSwiftPackageReference "SDWebImageSwiftUI" */,
				62BE33322C72500D006C0584 /* XCRemoteSwiftPackageReference "Factory" */,
			);
			productRefGroup = 62C448FE2C26CDC2009650A3 /* Products */;
			projectDirPath = "";
			projectRoot = "";
			targets = (
				62C448FC2C26CDC2009650A3 /* Clin */,
			);
		};
/* End PBXProject section */

/* Begin PBXResourcesBuildPhase section */
		62C448FB2C26CDC2009650A3 /* Resources */ = {
			isa = PBXResourcesBuildPhase;
			buildActionMask = 2147483647;
			files = (
				62C449092C26CDC4009650A3 /* Preview Assets.xcassets in Resources */,
				62C449052C26CDC4009650A3 /* Assets.xcassets in Resources */,
			);
			runOnlyForDeploymentPostprocessing = 0;
		};
/* End PBXResourcesBuildPhase section */

/* Begin PBXSourcesBuildPhase section */
		62C448F92C26CDC2009650A3 /* Sources */ = {
			isa = PBXSourcesBuildPhase;
			buildActionMask = 2147483647;
			files = (
				623B8F572C62DC0700A5BD60 /* ToDo.swift in Sources */,
			);
			runOnlyForDeploymentPostprocessing = 0;
		};
/* End PBXSourcesBuildPhase section */

/* Begin XCBuildConfiguration section */
		62C4490A2C26CDC4009650A3 /* Debug */ = {
			isa = XCBuildConfiguration;
			buildSettings = {
				ALWAYS_SEARCH_USER_PATHS = NO;
				ASSETCATALOG_COMPILER_GENERATE_SWIFT_ASSET_SYMBOL_EXTENSIONS = YES;
				CLANG_ANALYZER_NONNULL = YES;
				CLANG_ANALYZER_NUMBER_OBJECT_CONVERSION = YES_AGGRESSIVE;
				CLANG_CXX_LANGUAGE_STANDARD = "gnu++20";
				CLANG_ENABLE_MODULES = YES;
				CLANG_ENABLE_OBJC_ARC = YES;
				CLANG_ENABLE_OBJC_WEAK = YES;
				CLANG_WARN_BLOCK_CAPTURE_AUTORELEASING = YES;
				CLANG_WARN_BOOL_CONVERSION = YES;
				CLANG_WARN_COMMA = YES;
				CLANG_WARN_CONSTANT_CONVERSION = YES;
				CLANG_WARN_DEPRECATED_OBJC_IMPLEMENTATIONS = YES;
				CLANG_WARN_DIRECT_OBJC_ISA_USAGE = YES_ERROR;
				CLANG_WARN_DOCUMENTATION_COMMENTS = YES;
				CLANG_WARN_EMPTY_BODY = YES;
				CLANG_WARN_ENUM_CONVERSION = YES;
				CLANG_WARN_INFINITE_RECURSION = YES;
				CLANG_WARN_INT_CONVERSION = YES;
				CLANG_WARN_NON_LITERAL_NULL_CONVERSION = YES;
				CLANG_WARN_OBJC_IMPLICIT_RETAIN_SELF = YES;
				CLANG_WARN_OBJC_LITERAL_CONVERSION = YES;
				CLANG_WARN_OBJC_ROOT_CLASS = YES_ERROR;
				CLANG_WARN_QUOTED_INCLUDE_IN_FRAMEWORK_HEADER = YES;
				CLANG_WARN_RANGE_LOOP_ANALYSIS = YES;
				CLANG_WARN_STRICT_PROTOTYPES = YES;
				CLANG_WARN_SUSPICIOUS_MOVE = YES;
				CLANG_WARN_UNGUARDED_AVAILABILITY = YES_AGGRESSIVE;
				CLANG_WARN_UNREACHABLE_CODE = YES;
				CLANG_WARN__DUPLICATE_METHOD_MATCH = YES;
				COPY_PHASE_STRIP = NO;
				DEBUG_INFORMATION_FORMAT = dwarf;
				ENABLE_STRICT_OBJC_MSGSEND = YES;
				ENABLE_TESTABILITY = YES;
				ENABLE_USER_SCRIPT_SANDBOXING = YES;
				GCC_C_LANGUAGE_STANDARD = gnu17;
				GCC_DYNAMIC_NO_PIC = NO;
				GCC_NO_COMMON_BLOCKS = YES;
				GCC_OPTIMIZATION_LEVEL = 0;
				GCC_PREPROCESSOR_DEFINITIONS = (
					"DEBUG=1",
					"$(inherited)",
				);
				GCC_WARN_64_TO_32_BIT_CONVERSION = YES;
				GCC_WARN_ABOUT_RETURN_TYPE = YES_ERROR;
				GCC_WARN_UNDECLARED_SELECTOR = YES;
				GCC_WARN_UNINITIALIZED_AUTOS = YES_AGGRESSIVE;
				GCC_WARN_UNUSED_FUNCTION = YES;
				GCC_WARN_UNUSED_VARIABLE = YES;
				LOCALIZATION_PREFERS_STRING_CATALOGS = YES;
				MTL_ENABLE_DEBUG_INFO = INCLUDE_SOURCE;
				MTL_FAST_MATH = YES;
				ONLY_ACTIVE_ARCH = YES;
				SWIFT_ACTIVE_COMPILATION_CONDITIONS = "DEBUG $(inherited)";
				SWIFT_OPTIMIZATION_LEVEL = "-Onone";
			};
			name = Debug;
		};
		62C4490B2C26CDC4009650A3 /* Release */ = {
			isa = XCBuildConfiguration;
			buildSettings = {
				ALWAYS_SEARCH_USER_PATHS = NO;
				ASSETCATALOG_COMPILER_GENERATE_SWIFT_ASSET_SYMBOL_EXTENSIONS = YES;
				CLANG_ANALYZER_NONNULL = YES;
				CLANG_ANALYZER_NUMBER_OBJECT_CONVERSION = YES_AGGRESSIVE;
				CLANG_CXX_LANGUAGE_STANDARD = "gnu++20";
				CLANG_ENABLE_MODULES = YES;
				CLANG_ENABLE_OBJC_ARC = YES;
				CLANG_ENABLE_OBJC_WEAK = YES;
				CLANG_WARN_BLOCK_CAPTURE_AUTORELEASING = YES;
				CLANG_WARN_BOOL_CONVERSION = YES;
				CLANG_WARN_COMMA = YES;
				CLANG_WARN_CONSTANT_CONVERSION = YES;
				CLANG_WARN_DEPRECATED_OBJC_IMPLEMENTATIONS = YES;
				CLANG_WARN_DIRECT_OBJC_ISA_USAGE = YES_ERROR;
				CLANG_WARN_DOCUMENTATION_COMMENTS = YES;
				CLANG_WARN_EMPTY_BODY = YES;
				CLANG_WARN_ENUM_CONVERSION = YES;
				CLANG_WARN_INFINITE_RECURSION = YES;
				CLANG_WARN_INT_CONVERSION = YES;
				CLANG_WARN_NON_LITERAL_NULL_CONVERSION = YES;
				CLANG_WARN_OBJC_IMPLICIT_RETAIN_SELF = YES;
				CLANG_WARN_OBJC_LITERAL_CONVERSION = YES;
				CLANG_WARN_OBJC_ROOT_CLASS = YES_ERROR;
				CLANG_WARN_QUOTED_INCLUDE_IN_FRAMEWORK_HEADER = YES;
				CLANG_WARN_RANGE_LOOP_ANALYSIS = YES;
				CLANG_WARN_STRICT_PROTOTYPES = YES;
				CLANG_WARN_SUSPICIOUS_MOVE = YES;
				CLANG_WARN_UNGUARDED_AVAILABILITY = YES_AGGRESSIVE;
				CLANG_WARN_UNREACHABLE_CODE = YES;
				CLANG_WARN__DUPLICATE_METHOD_MATCH = YES;
				COPY_PHASE_STRIP = NO;
				DEBUG_INFORMATION_FORMAT = "dwarf-with-dsym";
				ENABLE_NS_ASSERTIONS = NO;
				ENABLE_STRICT_OBJC_MSGSEND = YES;
				ENABLE_USER_SCRIPT_SANDBOXING = YES;
				GCC_C_LANGUAGE_STANDARD = gnu17;
				GCC_NO_COMMON_BLOCKS = YES;
				GCC_WARN_64_TO_32_BIT_CONVERSION = YES;
				GCC_WARN_ABOUT_RETURN_TYPE = YES_ERROR;
				GCC_WARN_UNDECLARED_SELECTOR = YES;
				GCC_WARN_UNINITIALIZED_AUTOS = YES_AGGRESSIVE;
				GCC_WARN_UNUSED_FUNCTION = YES;
				GCC_WARN_UNUSED_VARIABLE = YES;
				LOCALIZATION_PREFERS_STRING_CATALOGS = YES;
				MTL_ENABLE_DEBUG_INFO = NO;
				MTL_FAST_MATH = YES;
				SWIFT_COMPILATION_MODE = wholemodule;
			};
			name = Release;
		};
		62C4490D2C26CDC4009650A3 /* Debug */ = {
			isa = XCBuildConfiguration;
			buildSettings = {
				ASSETCATALOG_COMPILER_APPICON_NAME = AppIcon;
				ASSETCATALOG_COMPILER_GLOBAL_ACCENT_COLOR_NAME = AccentColor;
				CODE_SIGN_ENTITLEMENTS = Clin/Clin.entitlements;
				CODE_SIGN_STYLE = Automatic;
				CURRENT_PROJECT_VERSION = 1;
				DEVELOPMENT_ASSET_PATHS = "\"Clin/Preview Content\"";
				DEVELOPMENT_TEAM = VNS8ZUW75C;
				ENABLE_HARDENED_RUNTIME = NO;
				ENABLE_PREVIEWS = YES;
				GENERATE_INFOPLIST_FILE = YES;
				INFOPLIST_KEY_CFBundleDisplayName = HelloElectric;
				INFOPLIST_KEY_NSLocationWhenInUseUsageDescription = "We need to know your location in order to search for nearby chargers.";
				"INFOPLIST_KEY_UIApplicationSceneManifest_Generation[sdk=iphoneos*]" = YES;
				"INFOPLIST_KEY_UIApplicationSceneManifest_Generation[sdk=iphonesimulator*]" = YES;
				"INFOPLIST_KEY_UIApplicationSupportsIndirectInputEvents[sdk=iphoneos*]" = YES;
				"INFOPLIST_KEY_UIApplicationSupportsIndirectInputEvents[sdk=iphonesimulator*]" = YES;
				"INFOPLIST_KEY_UILaunchScreen_Generation[sdk=iphoneos*]" = YES;
				"INFOPLIST_KEY_UILaunchScreen_Generation[sdk=iphonesimulator*]" = YES;
				"INFOPLIST_KEY_UIStatusBarStyle[sdk=iphoneos*]" = UIStatusBarStyleDefault;
				"INFOPLIST_KEY_UIStatusBarStyle[sdk=iphonesimulator*]" = UIStatusBarStyleDefault;
				INFOPLIST_KEY_UISupportedInterfaceOrientations = UIInterfaceOrientationPortrait;
				INFOPLIST_KEY_UISupportedInterfaceOrientations_iPad = "UIInterfaceOrientationLandscapeLeft UIInterfaceOrientationLandscapeRight UIInterfaceOrientationPortrait UIInterfaceOrientationPortraitUpsideDown";
				IPHONEOS_DEPLOYMENT_TARGET = 17.0;
				LD_RUNPATH_SEARCH_PATHS = "@executable_path/Frameworks";
				"LD_RUNPATH_SEARCH_PATHS[sdk=macosx*]" = "@executable_path/../Frameworks";
				MACOSX_DEPLOYMENT_TARGET = 15.0;
				MARKETING_VERSION = 1.0;
				PRODUCT_BUNDLE_IDENTIFIER = "-994.Clin";
				PRODUCT_NAME = "$(TARGET_NAME)";
				SDKROOT = auto;
				SUPPORTED_PLATFORMS = "iphoneos iphonesimulator macosx xros xrsimulator";
				SWIFT_EMIT_LOC_STRINGS = YES;
				SWIFT_VERSION = 5.0;
				TARGETED_DEVICE_FAMILY = "1,2,7";
				XROS_DEPLOYMENT_TARGET = 2.0;
			};
			name = Debug;
		};
		62C4490E2C26CDC4009650A3 /* Release */ = {
			isa = XCBuildConfiguration;
			buildSettings = {
				ASSETCATALOG_COMPILER_APPICON_NAME = AppIcon;
				ASSETCATALOG_COMPILER_GLOBAL_ACCENT_COLOR_NAME = AccentColor;
				CODE_SIGN_ENTITLEMENTS = Clin/Clin.entitlements;
				CODE_SIGN_STYLE = Automatic;
				CURRENT_PROJECT_VERSION = 1;
				DEVELOPMENT_ASSET_PATHS = "\"Clin/Preview Content\"";
				DEVELOPMENT_TEAM = VNS8ZUW75C;
				ENABLE_HARDENED_RUNTIME = NO;
				ENABLE_PREVIEWS = YES;
				GENERATE_INFOPLIST_FILE = YES;
				INFOPLIST_KEY_CFBundleDisplayName = HelloElectric;
				INFOPLIST_KEY_NSLocationWhenInUseUsageDescription = "We need to know your location in order to search for nearby chargers.";
				"INFOPLIST_KEY_UIApplicationSceneManifest_Generation[sdk=iphoneos*]" = YES;
				"INFOPLIST_KEY_UIApplicationSceneManifest_Generation[sdk=iphonesimulator*]" = YES;
				"INFOPLIST_KEY_UIApplicationSupportsIndirectInputEvents[sdk=iphoneos*]" = YES;
				"INFOPLIST_KEY_UIApplicationSupportsIndirectInputEvents[sdk=iphonesimulator*]" = YES;
				"INFOPLIST_KEY_UILaunchScreen_Generation[sdk=iphoneos*]" = YES;
				"INFOPLIST_KEY_UILaunchScreen_Generation[sdk=iphonesimulator*]" = YES;
				"INFOPLIST_KEY_UIStatusBarStyle[sdk=iphoneos*]" = UIStatusBarStyleDefault;
				"INFOPLIST_KEY_UIStatusBarStyle[sdk=iphonesimulator*]" = UIStatusBarStyleDefault;
				INFOPLIST_KEY_UISupportedInterfaceOrientations = UIInterfaceOrientationPortrait;
				INFOPLIST_KEY_UISupportedInterfaceOrientations_iPad = "UIInterfaceOrientationLandscapeLeft UIInterfaceOrientationLandscapeRight UIInterfaceOrientationPortrait UIInterfaceOrientationPortraitUpsideDown";
				IPHONEOS_DEPLOYMENT_TARGET = 17.0;
				LD_RUNPATH_SEARCH_PATHS = "@executable_path/Frameworks";
				"LD_RUNPATH_SEARCH_PATHS[sdk=macosx*]" = "@executable_path/../Frameworks";
				MACOSX_DEPLOYMENT_TARGET = 15.0;
				MARKETING_VERSION = 1.0;
				PRODUCT_BUNDLE_IDENTIFIER = "-994.Clin";
				PRODUCT_NAME = "$(TARGET_NAME)";
				SDKROOT = auto;
				SUPPORTED_PLATFORMS = "iphoneos iphonesimulator macosx xros xrsimulator";
				SWIFT_EMIT_LOC_STRINGS = YES;
				SWIFT_VERSION = 5.0;
				TARGETED_DEVICE_FAMILY = "1,2,7";
				XROS_DEPLOYMENT_TARGET = 2.0;
			};
			name = Release;
		};
/* End XCBuildConfiguration section */

/* Begin XCConfigurationList section */
		62C448F82C26CDC2009650A3 /* Build configuration list for PBXProject "Clin" */ = {
			isa = XCConfigurationList;
			buildConfigurations = (
				62C4490A2C26CDC4009650A3 /* Debug */,
				62C4490B2C26CDC4009650A3 /* Release */,
			);
			defaultConfigurationIsVisible = 0;
			defaultConfigurationName = Release;
		};
		62C4490C2C26CDC4009650A3 /* Build configuration list for PBXNativeTarget "Clin" */ = {
			isa = XCConfigurationList;
			buildConfigurations = (
				62C4490D2C26CDC4009650A3 /* Debug */,
				62C4490E2C26CDC4009650A3 /* Release */,
			);
			defaultConfigurationIsVisible = 0;
			defaultConfigurationName = Release;
		};
/* End XCConfigurationList section */

/* Begin XCRemoteSwiftPackageReference section */
		629185B62C31614500DA4BAA /* XCRemoteSwiftPackageReference "SDWebImageSwiftUI" */ = {
			isa = XCRemoteSwiftPackageReference;
			repositoryURL = "https://github.com/SDWebImage/SDWebImageSwiftUI.git";
			requirement = {
				kind = upToNextMajorVersion;
				minimumVersion = 3.1.0;
			};
		};
		62BE33322C72500D006C0584 /* XCRemoteSwiftPackageReference "Factory" */ = {
			isa = XCRemoteSwiftPackageReference;
			repositoryURL = "https://github.com/hmlongco/Factory.git";
			requirement = {
				kind = upToNextMajorVersion;
				minimumVersion = 2.3.2;
			};
		};
		62C449CE2C27469D009650A3 /* XCRemoteSwiftPackageReference "supabase-swift" */ = {
			isa = XCRemoteSwiftPackageReference;
			repositoryURL = "https://github.com/supabase/supabase-swift";
			requirement = {
				kind = upToNextMajorVersion;
				minimumVersion = 2.5.1;
			};
		};
/* End XCRemoteSwiftPackageReference section */

/* Begin XCSwiftPackageProductDependency section */
		629185B72C31614500DA4BAA /* SDWebImageSwiftUI */ = {
			isa = XCSwiftPackageProductDependency;
			package = 629185B62C31614500DA4BAA /* XCRemoteSwiftPackageReference "SDWebImageSwiftUI" */;
			productName = SDWebImageSwiftUI;
		};
		62BE33332C72500D006C0584 /* Factory */ = {
			isa = XCSwiftPackageProductDependency;
			package = 62BE33322C72500D006C0584 /* XCRemoteSwiftPackageReference "Factory" */;
			productName = Factory;
		};
		62C449CF2C27469D009650A3 /* Auth */ = {
			isa = XCSwiftPackageProductDependency;
			package = 62C449CE2C27469D009650A3 /* XCRemoteSwiftPackageReference "supabase-swift" */;
			productName = Auth;
		};
		62C449D12C27469D009650A3 /* Functions */ = {
			isa = XCSwiftPackageProductDependency;
			package = 62C449CE2C27469D009650A3 /* XCRemoteSwiftPackageReference "supabase-swift" */;
			productName = Functions;
		};
		62C449D32C27469D009650A3 /* PostgREST */ = {
			isa = XCSwiftPackageProductDependency;
			package = 62C449CE2C27469D009650A3 /* XCRemoteSwiftPackageReference "supabase-swift" */;
			productName = PostgREST;
		};
		62C449D52C27469D009650A3 /* Realtime */ = {
			isa = XCSwiftPackageProductDependency;
			package = 62C449CE2C27469D009650A3 /* XCRemoteSwiftPackageReference "supabase-swift" */;
			productName = Realtime;
		};
		62C449D72C27469D009650A3 /* Storage */ = {
			isa = XCSwiftPackageProductDependency;
			package = 62C449CE2C27469D009650A3 /* XCRemoteSwiftPackageReference "supabase-swift" */;
			productName = Storage;
		};
		62C449D92C27469D009650A3 /* Supabase */ = {
			isa = XCSwiftPackageProductDependency;
			package = 62C449CE2C27469D009650A3 /* XCRemoteSwiftPackageReference "supabase-swift" */;
			productName = Supabase;
		};
/* End XCSwiftPackageProductDependency section */
	};
	rootObject = 62C448F52C26CDC2009650A3 /* Project object */;
}
